github.com/robotn/gohook v0.31.2 h1:ADIppQ3T0Sd+kaDMb4Vnv6UeSmhNfK0H0HpPWCd8G5I=
github.com/robotn/gohook v0.31.2/go.mod h1:0BQit8783ey63WXFau8TvoaTYfNtsAhqZ0RJaqlYi6E=
github.com/vcaesar/tt v0.20.0 h1:9t2Ycb9RNHcP0WgQgIaRKJBB+FrRdejuaL6uWIHuoBA=
github.com/vcaesar/tt v0.20.0/go.mod h1:GHPxQYhn+7OgKakRusH7KJ0M5MhywoeLb8Fcffs/Gtg=
